<?xml version="1.0" encoding="utf-8"?>
<Project ToolsVersion="4.0" xmlns="http://schemas.microsoft.com/developer/msbuild/2003">
  <ItemGroup>
    <ClCompile Include="$(GeneratedFilesDir)module.g.cpp">
      <Filter>Build</Filter>
    </ClCompile>
    <ClCompile Include="pch.cpp">
      <Filter>Build</Filter>
    </ClCompile>
  </ItemGroup>
  <ItemGroup>
    <None Include="exports.def">
      <Filter>Build</Filter>
    </None>
    <None Include="packages.config">
      <Filter>Build</Filter>
    </None>
    <None Include="PropertySheet.props">
      <Filter>Build</Filter>
    </None>
  </ItemGroup>
  <ItemGroup>
    <Filter Include="Build">
      <UniqueIdentifier>{d6ebbdd6-ee3b-4d77-bd78-65e3ecc4294e}</UniqueIdentifier>
    </Filter>
    <Filter Include="Forward">
      <UniqueIdentifier>{ef3f4fd9-5151-4202-bac4-6aac62e1a028}</UniqueIdentifier>
    </Filter>
  </ItemGroup>
  <ItemGroup>
    <Midl Include="FastComposition.idl" />
  </ItemGroup>
  <ItemGroup>
    <ClInclude Include="pch.h">
      <Filter>Build</Filter>
    </ClInclude>
  </ItemGroup>
</Project>